
Microsoft Visual Studio Solution File, Format Version 12.00
# Visual Studio Version 16
VisualStudioVersion = 16.0.30114.105
MinimumVisualStudioVersion = 10.0.40219.1
Project("{FAE04EC0-301F-11D3-BF4B-00C04F79EFBC}") = "echarging", "echarging\echarging.csproj", "{1F24FDF8-39BB-435A-9DC6-F52A29569DD3}"
EndProject
Global
	GlobalSection(SolutionConfigurationPlatforms) = preSolution
		Debug|Any CPU = Debug|Any CPU
		Release|Any CPU = Release|Any CPU
	EndGlobalSection
	GlobalSection(ProjectConfigurationPlatforms) = postSolution
		{1F24FDF8-39BB-435A-9DC6-F52A29569DD3}.Debug|Any CPU.ActiveCfg = Debug|Any CPU
		{1F24FDF8-39BB-435A-9DC6-F52A29569DD3}.Debug|Any CPU.Build.0 = Debug|Any CPU
		{1F24FDF8-39BB-435A-9DC6-F52A29569DD3}.Release|Any CPU.ActiveCfg = Release|Any CPU
		{1F24FDF8-39BB-435A-9DC6-F52A29569DD3}.Release|Any CPU.Build.0 = Release|Any CPU
	EndGlobalSection
	GlobalSection(SolutionProperties) = preSolution
		HideSolutionNode = FALSE
	EndGlobalSection
	GlobalSection(ExtensibilityGlobals) = postSolution
		SolutionGuid = {DFA55698-DE8D-43F9-B0EB-5698D77CD6B7}
	EndGlobalSection
EndGlobal
